// !$*UTF8*$!
{
	archiveVersion = 1;
	classes = {
	};
	objectVersion = 55;
	objects = {

/* Begin PBXBuildFile section */
		9A3B1D5D279AD97600F80666 /* PuzzledNumber.swift in Sources */ = {isa = PBXBuildFile; fileRef = 9A3B1D5C279AD97600F80666 /* PuzzledNumber.swift */; };
		9A3B1D61279AF29900F80666 /* StartGameViewController.swift in Sources */ = {isa = PBXBuildFile; fileRef = 9A3B1D60279AF29900F80666 /* StartGameViewController.swift */; };
		9A3B1D63279AF87A00F80666 /* StartGameViewViewModel.swift in Sources */ = {isa = PBXBuildFile; fileRef = 9A3B1D62279AF87A00F80666 /* StartGameViewViewModel.swift */; };
		9A3B1D66279B0B1800F80666 /* Box.swift in Sources */ = {isa = PBXBuildFile; fileRef = 9A3B1D65279B0B1800F80666 /* Box.swift */; };
		9A3B1D68279B1B7200F80666 /* StartGameViewModelType.swift in Sources */ = {isa = PBXBuildFile; fileRef = 9A3B1D67279B1B7200F80666 /* StartGameViewModelType.swift */; };
		9A3B1D6B279B20FF00F80666 /* GameViewController.swift in Sources */ = {isa = PBXBuildFile; fileRef = 9A3B1D6A279B20FF00F80666 /* GameViewController.swift */; };
		9A3B1D6D279B29ED00F80666 /* GameViewModelType.swift in Sources */ = {isa = PBXBuildFile; fileRef = 9A3B1D6C279B29EC00F80666 /* GameViewModelType.swift */; };
		9A3B1D6F279B2B7900F80666 /* GameViewViewModel.swift in Sources */ = {isa = PBXBuildFile; fileRef = 9A3B1D6E279B2B7900F80666 /* GameViewViewModel.swift */; };
		9A976719279A7B9F00B990D2 /* AppDelegate.swift in Sources */ = {isa = PBXBuildFile; fileRef = 9A976718279A7B9F00B990D2 /* AppDelegate.swift */; };
		9A97671B279A7B9F00B990D2 /* SceneDelegate.swift in Sources */ = {isa = PBXBuildFile; fileRef = 9A97671A279A7B9F00B990D2 /* SceneDelegate.swift */; };
		9A97671D279A7B9F00B990D2 /* ViewController.swift in Sources */ = {isa = PBXBuildFile; fileRef = 9A97671C279A7B9F00B990D2 /* ViewController.swift */; };
		9A976720279A7B9F00B990D2 /* Main.storyboard in Resources */ = {isa = PBXBuildFile; fileRef = 9A97671E279A7B9F00B990D2 /* Main.storyboard */; };
		9A976722279A7BA100B990D2 /* Assets.xcassets in Resources */ = {isa = PBXBuildFile; fileRef = 9A976721279A7BA100B990D2 /* Assets.xcassets */; };
		9A976725279A7BA100B990D2 /* LaunchScreen.storyboard in Resources */ = {isa = PBXBuildFile; fileRef = 9A976723279A7BA100B990D2 /* LaunchScreen.storyboard */; };
/* End PBXBuildFile section */

/* Begin PBXFileReference section */
		9A3B1D5C279AD97600F80666 /* PuzzledNumber.swift */ = {isa = PBXFileReference; lastKnownFileType = sourcecode.swift; path = PuzzledNumber.swift; sourceTree = "<group>"; };
		9A3B1D60279AF29900F80666 /* StartGameViewController.swift */ = {isa = PBXFileReference; lastKnownFileType = sourcecode.swift; path = StartGameViewController.swift; sourceTree = "<group>"; };
		9A3B1D62279AF87A00F80666 /* StartGameViewViewModel.swift */ = {isa = PBXFileReference; lastKnownFileType = sourcecode.swift; path = StartGameViewViewModel.swift; sourceTree = "<group>"; };
		9A3B1D65279B0B1800F80666 /* Box.swift */ = {isa = PBXFileReference; lastKnownFileType = sourcecode.swift; path = Box.swift; sourceTree = "<group>"; };
		9A3B1D67279B1B7200F80666 /* StartGameViewModelType.swift */ = {isa = PBXFileReference; lastKnownFileType = sourcecode.swift; path = StartGameViewModelType.swift; sourceTree = "<group>"; };
		9A3B1D6A279B20FF00F80666 /* GameViewController.swift */ = {isa = PBXFileReference; lastKnownFileType = sourcecode.swift; path = GameViewController.swift; sourceTree = "<group>"; };
		9A3B1D6C279B29EC00F80666 /* GameViewModelType.swift */ = {isa = PBXFileReference; lastKnownFileType = sourcecode.swift; path = GameViewModelType.swift; sourceTree = "<group>"; };
		9A3B1D6E279B2B7900F80666 /* GameViewViewModel.swift */ = {isa = PBXFileReference; lastKnownFileType = sourcecode.swift; path = GameViewViewModel.swift; sourceTree = "<group>"; };
		9A976715279A7B9F00B990D2 /* GuessTheNumberApp.app */ = {isa = PBXFileReference; explicitFileType = wrapper.application; includeInIndex = 0; path = GuessTheNumberApp.app; sourceTree = BUILT_PRODUCTS_DIR; };
		9A976718279A7B9F00B990D2 /* AppDelegate.swift */ = {isa = PBXFileReference; lastKnownFileType = sourcecode.swift; path = AppDelegate.swift; sourceTree = "<group>"; };
		9A97671A279A7B9F00B990D2 /* SceneDelegate.swift */ = {isa = PBXFileReference; lastKnownFileType = sourcecode.swift; path = SceneDelegate.swift; sourceTree = "<group>"; };
		9A97671C279A7B9F00B990D2 /* ViewController.swift */ = {isa = PBXFileReference; lastKnownFileType = sourcecode.swift; path = ViewController.swift; sourceTree = "<group>"; };
		9A97671F279A7B9F00B990D2 /* Base */ = {isa = PBXFileReference; lastKnownFileType = file.storyboard; name = Base; path = Base.lproj/Main.storyboard; sourceTree = "<group>"; };
		9A976721279A7BA100B990D2 /* Assets.xcassets */ = {isa = PBXFileReference; lastKnownFileType = folder.assetcatalog; path = Assets.xcassets; sourceTree = "<group>"; };
		9A976724279A7BA100B990D2 /* Base */ = {isa = PBXFileReference; lastKnownFileType = file.storyboard; name = Base; path = Base.lproj/LaunchScreen.storyboard; sourceTree = "<group>"; };
		9A976726279A7BA100B990D2 /* Info.plist */ = {isa = PBXFileReference; lastKnownFileType = text.plist.xml; path = Info.plist; sourceTree = "<group>"; };
/* End PBXFileReference section */

/* Begin PBXFrameworksBuildPhase section */
		9A976712279A7B9F00B990D2 /* Frameworks */ = {
			isa = PBXFrameworksBuildPhase;
			buildActionMask = 2147483647;
			files = (
			);
			runOnlyForDeploymentPostprocessing = 0;
		};
/* End PBXFrameworksBuildPhase section */

/* Begin PBXGroup section */
		9A3B1D5E279AD99F00F80666 /* Model */ = {
			isa = PBXGroup;
			children = (
				9A3B1D5C279AD97600F80666 /* PuzzledNumber.swift */,
			);
			path = Model;
			sourceTree = "<group>";
		};
		9A3B1D5F279AD9C500F80666 /* View */ = {
			isa = PBXGroup;
			children = (
				9A97671C279A7B9F00B990D2 /* ViewController.swift */,
				9A3B1D60279AF29900F80666 /* StartGameViewController.swift */,
				9A3B1D6A279B20FF00F80666 /* GameViewController.swift */,
			);
			path = View;
			sourceTree = "<group>";
		};
		9A3B1D64279AF88200F80666 /* ViewModel */ = {
			isa = PBXGroup;
			children = (
				9A3B1D62279AF87A00F80666 /* StartGameViewViewModel.swift */,
				9A3B1D6E279B2B7900F80666 /* GameViewViewModel.swift */,
			);
			path = ViewModel;
			sourceTree = "<group>";
		};
		9A3B1D69279B1B8900F80666 /* Protocols */ = {
			isa = PBXGroup;
			children = (
				9A3B1D67279B1B7200F80666 /* StartGameViewModelType.swift */,
				9A3B1D6C279B29EC00F80666 /* GameViewModelType.swift */,
			);
			path = Protocols;
			sourceTree = "<group>";
		};
		9A97670C279A7B9F00B990D2 = {
			isa = PBXGroup;
			children = (
				9A976717279A7B9F00B990D2 /* GuessTheNumberApp */,
				9A976716279A7B9F00B990D2 /* Products */,
			);
			sourceTree = "<group>";
		};
		9A976716279A7B9F00B990D2 /* Products */ = {
			isa = PBXGroup;
			children = (
				9A976715279A7B9F00B990D2 /* GuessTheNumberApp.app */,
			);
			name = Products;
			sourceTree = "<group>";
		};
		9A976717279A7B9F00B990D2 /* GuessTheNumberApp */ = {
			isa = PBXGroup;
			children = (
				9A976718279A7B9F00B990D2 /* AppDelegate.swift */,
				9A97671A279A7B9F00B990D2 /* SceneDelegate.swift */,
				9A3B1D65279B0B1800F80666 /* Box.swift */,
				9A3B1D69279B1B8900F80666 /* Protocols */,
				9A3B1D5E279AD99F00F80666 /* Model */,
				9A3B1D64279AF88200F80666 /* ViewModel */,
				9A3B1D5F279AD9C500F80666 /* View */,
				9A97671E279A7B9F00B990D2 /* Main.storyboard */,
				9A976721279A7BA100B990D2 /* Assets.xcassets */,
				9A976723279A7BA100B990D2 /* LaunchScreen.storyboard */,
				9A976726279A7BA100B990D2 /* Info.plist */,
			);
			path = GuessTheNumberApp;
			sourceTree = "<group>";
		};
/* End PBXGroup section */

/* Begin PBXNativeTarget section */
		9A976714279A7B9F00B990D2 /* GuessTheNumberApp */ = {
			isa = PBXNativeTarget;
			buildConfigurationList = 9A976729279A7BA100B990D2 /* Build configuration list for PBXNativeTarget "GuessTheNumberApp" */;
			buildPhases = (
				9A976711279A7B9F00B990D2 /* Sources */,
				9A976712279A7B9F00B990D2 /* Frameworks */,
				9A976713279A7B9F00B990D2 /* Resources */,
			);
			buildRules = (
			);
			dependencies = (
			);
			name = GuessTheNumberApp;
			productName = GuessTheNumberApp;
			productReference = 9A976715279A7B9F00B990D2 /* GuessTheNumberApp.app */;
			productType = "com.apple.product-type.application";
		};
/* End PBXNativeTarget section */

/* Begin PBXProject section */
		9A97670D279A7B9F00B990D2 /* Project object */ = {
			isa = PBXProject;
			attributes = {
				BuildIndependentTargetsInParallel = 1;
				LastSwiftUpdateCheck = 1320;
				LastUpgradeCheck = 1320;
				TargetAttributes = {
					9A976714279A7B9F00B990D2 = {
						CreatedOnToolsVersion = 13.2;
					};
				};
			};
			buildConfigurationList = 9A976710279A7B9F00B990D2 /* Build configuration list for PBXProject "GuessTheNumberApp" */;
			compatibilityVersion = "Xcode 13.0";
			developmentRegion = en;
			hasScannedForEncodings = 0;
			knownRegions = (
				en,
				Base,
			);
			mainGroup = 9A97670C279A7B9F00B990D2;
			productRefGroup = 9A976716279A7B9F00B990D2 /* Products */;
			projectDirPath = "";
			projectRoot = "";
			targets = (
				9A976714279A7B9F00B990D2 /* GuessTheNumberApp */,
			);
		};
/* End PBXProject section */

/* Begin PBXResourcesBuildPhase section */
		9A976713279A7B9F00B990D2 /* Resources */ = {
			isa = PBXResourcesBuildPhase;
			buildActionMask = 2147483647;
			files = (
				9A976725279A7BA100B990D2 /* LaunchScreen.storyboard in Resources */,
				9A976722279A7BA100B990D2 /* Assets.xcassets in Resources */,
				9A976720279A7B9F00B990D2 /* Main.storyboard in Resources */,
			);
			runOnlyForDeploymentPostprocessing = 0;
		};
/* End PBXResourcesBuildPhase section */

/* Begin PBXSourcesBuildPhase section */
		9A976711279A7B9F00B990D2 /* Sources */ = {
			isa = PBXSourcesBuildPhase;
			buildActionMask = 2147483647;
			files = (
				9A3B1D68279B1B7200F80666 /* StartGameViewModelType.swift in Sources */,
				9A3B1D5D279AD97600F80666 /* PuzzledNumber.swift in Sources */,
				9A3B1D66279B0B1800F80666 /* Box.swift in Sources */,
				9A97671D279A7B9F00B990D2 /* ViewController.swift in Sources */,
				9A3B1D6B279B20FF00F80666 /* GameViewController.swift in Sources */,
				9A3B1D6F279B2B7900F80666 /* GameViewViewModel.swift in Sources */,
				9A3B1D63279AF87A00F80666 /* StartGameViewViewModel.swift in Sources */,
				9A976719279A7B9F00B990D2 /* AppDelegate.swift in Sources */,
				9A3B1D61279AF29900F80666 /* StartGameViewController.swift in Sources */,
				9A3B1D6D279B29ED00F80666 /* GameViewModelType.swift in Sources */,
				9A97671B279A7B9F00B990D2 /* SceneDelegate.swift in Sources */,
			);
			runOnlyForDeploymentPostprocessing = 0;
		};
/* End PBXSourcesBuildPhase section */

/* Begin PBXVariantGroup section */
		9A97671E279A7B9F00B990D2 /* Main.storyboard */ = {
			isa = PBXVariantGroup;
			children = (
				9A97671F279A7B9F00B990D2 /* Base */,
			);
			name = Main.storyboard;
			sourceTree = "<group>";
		};
		9A976723279A7BA100B990D2 /* LaunchScreen.storyboard */ = {
			isa = PBXVariantGroup;
			children = (
				9A976724279A7BA100B990D2 /* Base */,
			);
			name = LaunchScreen.storyboard;
			sourceTree = "<group>";
		};
/* End PBXVariantGroup section */

/* Begin XCBuildConfiguration section */
		9A976727279A7BA100B990D2 /* Debug */ = {
			isa = XCBuildConfiguration;
			buildSettings = {
				ALWAYS_SEARCH_USER_PATHS = NO;
				CLANG_ANALYZER_NONNULL = YES;
				CLANG_ANALYZER_NUMBER_OBJECT_CONVERSION = YES_AGGRESSIVE;
				CLANG_CXX_LANGUAGE_STANDARD = "gnu++17";
				CLANG_CXX_LIBRARY = "libc++";
				CLANG_ENABLE_MODULES = YES;
				CLANG_ENABLE_OBJC_ARC = YES;
				CLANG_ENABLE_OBJC_WEAK = YES;
				CLANG_WARN_BLOCK_CAPTURE_AUTORELEASING = YES;
				CLANG_WARN_BOOL_CONVERSION = YES;
				CLANG_WARN_COMMA = YES;
				CLANG_WARN_CONSTANT_CONVERSION = YES;
				CLANG_WARN_DEPRECATED_OBJC_IMPLEMENTATIONS = YES;
				CLANG_WARN_DIRECT_OBJC_ISA_USAGE = YES_ERROR;
				CLANG_WARN_DOCUMENTATION_COMMENTS = YES;
				CLANG_WARN_EMPTY_BODY = YES;
				CLANG_WARN_ENUM_CONVERSION = YES;
				CLANG_WARN_INFINITE_RECURSION = YES;
				CLANG_WARN_INT_CONVERSION = YES;
				CLANG_WARN_NON_LITERAL_NULL_CONVERSION = YES;
				CLANG_WARN_OBJC_IMPLICIT_RETAIN_SELF = YES;
				CLANG_WARN_OBJC_LITERAL_CONVERSION = YES;
				CLANG_WARN_OBJC_ROOT_CLASS = YES_ERROR;
				CLANG_WARN_QUOTED_INCLUDE_IN_FRAMEWORK_HEADER = YES;
				CLANG_WARN_RANGE_LOOP_ANALYSIS = YES;
				CLANG_WARN_STRICT_PROTOTYPES = YES;
				CLANG_WARN_SUSPICIOUS_MOVE = YES;
				CLANG_WARN_UNGUARDED_AVAILABILITY = YES_AGGRESSIVE;
				CLANG_WARN_UNREACHABLE_CODE = YES;
				CLANG_WARN__DUPLICATE_METHOD_MATCH = YES;
				COPY_PHASE_STRIP = NO;
				DEBUG_INFORMATION_FORMAT = dwarf;
				ENABLE_STRICT_OBJC_MSGSEND = YES;
				ENABLE_TESTABILITY = YES;
				GCC_C_LANGUAGE_STANDARD = gnu11;
				GCC_DYNAMIC_NO_PIC = NO;
				GCC_NO_COMMON_BLOCKS = YES;
				GCC_OPTIMIZATION_LEVEL = 0;
				GCC_PREPROCESSOR_DEFINITIONS = (
					"DEBUG=1",
					"$(inherited)",
				);
				GCC_WARN_64_TO_32_BIT_CONVERSION = YES;
				GCC_WARN_ABOUT_RETURN_TYPE = YES_ERROR;
				GCC_WARN_UNDECLARED_SELECTOR = YES;
				GCC_WARN_UNINITIALIZED_AUTOS = YES_AGGRESSIVE;
				GCC_WARN_UNUSED_FUNCTION = YES;
				GCC_WARN_UNUSED_VARIABLE = YES;
				IPHONEOS_DEPLOYMENT_TARGET = 15.2;
				MTL_ENABLE_DEBUG_INFO = INCLUDE_SOURCE;
				MTL_FAST_MATH = YES;
				ONLY_ACTIVE_ARCH = YES;
				SDKROOT = iphoneos;
				SWIFT_ACTIVE_COMPILATION_CONDITIONS = DEBUG;
				SWIFT_OPTIMIZATION_LEVEL = "-Onone";
			};
			name = Debug;
		};
		9A976728279A7BA100B990D2 /* Release */ = {
			isa = XCBuildConfiguration;
			buildSettings = {
				ALWAYS_SEARCH_USER_PATHS = NO;
				CLANG_ANALYZER_NONNULL = YES;
				CLANG_ANALYZER_NUMBER_OBJECT_CONVERSION = YES_AGGRESSIVE;
				CLANG_CXX_LANGUAGE_STANDARD = "gnu++17";
				CLANG_CXX_LIBRARY = "libc++";
				CLANG_ENABLE_MODULES = YES;
				CLANG_ENABLE_OBJC_ARC = YES;
				CLANG_ENABLE_OBJC_WEAK = YES;
				CLANG_WARN_BLOCK_CAPTURE_AUTORELEASING = YES;
				CLANG_WARN_BOOL_CONVERSION = YES;
				CLANG_WARN_COMMA = YES;
				CLANG_WARN_CONSTANT_CONVERSION = YES;
				CLANG_WARN_DEPRECATED_OBJC_IMPLEMENTATIONS = YES;
				CLANG_WARN_DIRECT_OBJC_ISA_USAGE = YES_ERROR;
				CLANG_WARN_DOCUMENTATION_COMMENTS = YES;
				CLANG_WARN_EMPTY_BODY = YES;
				CLANG_WARN_ENUM_CONVERSION = YES;
				CLANG_WARN_INFINITE_RECURSION = YES;
				CLANG_WARN_INT_CONVERSION = YES;
				CLANG_WARN_NON_LITERAL_NULL_CONVERSION = YES;
				CLANG_WARN_OBJC_IMPLICIT_RETAIN_SELF = YES;
				CLANG_WARN_OBJC_LITERAL_CONVERSION = YES;
				CLANG_WARN_OBJC_ROOT_CLASS = YES_ERROR;
				CLANG_WARN_QUOTED_INCLUDE_IN_FRAMEWORK_HEADER = YES;
				CLANG_WARN_RANGE_LOOP_ANALYSIS = YES;
				CLANG_WARN_STRICT_PROTOTYPES = YES;
				CLANG_WARN_SUSPICIOUS_MOVE = YES;
				CLANG_WARN_UNGUARDED_AVAILABILITY = YES_AGGRESSIVE;
				CLANG_WARN_UNREACHABLE_CODE = YES;
				CLANG_WARN__DUPLICATE_METHOD_MATCH = YES;
				COPY_PHASE_STRIP = NO;
				DEBUG_INFORMATION_FORMAT = "dwarf-with-dsym";
				ENABLE_NS_ASSERTIONS = NO;
				ENABLE_STRICT_OBJC_MSGSEND = YES;
				GCC_C_LANGUAGE_STANDARD = gnu11;
				GCC_NO_COMMON_BLOCKS = YES;
				GCC_WARN_64_TO_32_BIT_CONVERSION = YES;
				GCC_WARN_ABOUT_RETURN_TYPE = YES_ERROR;
				GCC_WARN_UNDECLARED_SELECTOR = YES;
				GCC_WARN_UNINITIALIZED_AUTOS = YES_AGGRESSIVE;
				GCC_WARN_UNUSED_FUNCTION = YES;
				GCC_WARN_UNUSED_VARIABLE = YES;
				IPHONEOS_DEPLOYMENT_TARGET = 15.2;
				MTL_ENABLE_DEBUG_INFO = NO;
				MTL_FAST_MATH = YES;
				SDKROOT = iphoneos;
				SWIFT_COMPILATION_MODE = wholemodule;
				SWIFT_OPTIMIZATION_LEVEL = "-O";
				VALIDATE_PRODUCT = YES;
			};
			name = Release;
		};
		9A97672A279A7BA100B990D2 /* Debug */ = {
			isa = XCBuildConfiguration;
			buildSettings = {
				ASSETCATALOG_COMPILER_APPICON_NAME = AppIcon;
				ASSETCATALOG_COMPILER_GLOBAL_ACCENT_COLOR_NAME = AccentColor;
				CODE_SIGN_STYLE = Automatic;
				CURRENT_PROJECT_VERSION = 1;
				DEVELOPMENT_TEAM = LSYTM34S6Z;
				GENERATE_INFOPLIST_FILE = YES;
				INFOPLIST_FILE = GuessTheNumberApp/Info.plist;
				INFOPLIST_KEY_UIApplicationSupportsIndirectInputEvents = YES;
				INFOPLIST_KEY_UILaunchStoryboardName = LaunchScreen;
				INFOPLIST_KEY_UIMainStoryboardFile = Main;
				INFOPLIST_KEY_UISupportedInterfaceOrientations = "UIInterfaceOrientationPortrait UIInterfaceOrientationLandscapeLeft UIInterfaceOrientationLandscapeRight";
				INFOPLIST_KEY_UISupportedInterfaceOrientations_iPad = "UIInterfaceOrientationPortrait UIInterfaceOrientationPortraitUpsideDown UIInterfaceOrientationLandscapeLeft UIInterfaceOrientationLandscapeRight";
				INFOPLIST_KEY_UISupportedInterfaceOrientations_iPhone = "UIInterfaceOrientationPortrait UIInterfaceOrientationLandscapeLeft UIInterfaceOrientationLandscapeRight";
				IPHONEOS_DEPLOYMENT_TARGET = 15.0;
				LD_RUNPATH_SEARCH_PATHS = (
					"$(inherited)",
					"@executable_path/Frameworks",
				);
				MARKETING_VERSION = 1.0;
				PRODUCT_BUNDLE_IDENTIFIER = AkulovYA.GuessTheNumberApp;
				PRODUCT_NAME = "$(TARGET_NAME)";
				SWIFT_EMIT_LOC_STRINGS = YES;
				SWIFT_VERSION = 5.0;
				TARGETED_DEVICE_FAMILY = 1;
			};
			name = Debug;
		};
		9A97672B279A7BA100B990D2 /* Release */ = {
			isa = XCBuildConfiguration;
			buildSettings = {
				ASSETCATALOG_COMPILER_APPICON_NAME = AppIcon;
				ASSETCATALOG_COMPILER_GLOBAL_ACCENT_COLOR_NAME = AccentColor;
				CODE_SIGN_STYLE = Automatic;
				CURRENT_PROJECT_VERSION = 1;
				DEVELOPMENT_TEAM = LSYTM34S6Z;
				GENERATE_INFOPLIST_FILE = YES;
				INFOPLIST_FILE = GuessTheNumberApp/Info.plist;
				INFOPLIST_KEY_UIApplicationSupportsIndirectInputEvents = YES;
				INFOPLIST_KEY_UILaunchStoryboardName = LaunchScreen;
				INFOPLIST_KEY_UIMainStoryboardFile = Main;
				INFOPLIST_KEY_UISupportedInterfaceOrientations = "UIInterfaceOrientationPortrait UIInterfaceOrientationLandscapeLeft UIInterfaceOrientationLandscapeRight";
				INFOPLIST_KEY_UISupportedInterfaceOrientations_iPad = "UIInterfaceOrientationPortrait UIInterfaceOrientationPortraitUpsideDown UIInterfaceOrientationLandscapeLeft UIInterfaceOrientationLandscapeRight";
				INFOPLIST_KEY_UISupportedInterfaceOrientations_iPhone = "UIInterfaceOrientationPortrait UIInterfaceOrientationLandscapeLeft UIInterfaceOrientationLandscapeRight";
				IPHONEOS_DEPLOYMENT_TARGET = 15.0;
				LD_RUNPATH_SEARCH_PATHS = (
					"$(inherited)",
					"@executable_path/Frameworks",
				);
				MARKETING_VERSION = 1.0;
				PRODUCT_BUNDLE_IDENTIFIER = AkulovYA.GuessTheNumberApp;
				PRODUCT_NAME = "$(TARGET_NAME)";
				SWIFT_EMIT_LOC_STRINGS = YES;
				SWIFT_VERSION = 5.0;
				TARGETED_DEVICE_FAMILY = 1;
			};
			name = Release;
		};
/* End XCBuildConfiguration section */

/* Begin XCConfigurationList section */
		9A976710279A7B9F00B990D2 /* Build configuration list for PBXProject "GuessTheNumberApp" */ = {
			isa = XCConfigurationList;
			buildConfigurations = (
				9A976727279A7BA100B990D2 /* Debug */,
				9A976728279A7BA100B990D2 /* Release */,
			);
			defaultConfigurationIsVisible = 0;
			defaultConfigurationName = Release;
		};
		9A976729279A7BA100B990D2 /* Build configuration list for PBXNativeTarget "GuessTheNumberApp" */ = {
			isa = XCConfigurationList;
			buildConfigurations = (
				9A97672A279A7BA100B990D2 /* Debug */,
				9A97672B279A7BA100B990D2 /* Release */,
			);
			defaultConfigurationIsVisible = 0;
			defaultConfigurationName = Release;
		};
/* End XCConfigurationList section */
	};
	rootObject = 9A97670D279A7B9F00B990D2 /* Project object */;
}
